
Microsoft Visual Studio Solution File, Format Version 12.00
# Visual Studio Version 17
VisualStudioVersion = 17.5.33502.453
MinimumVisualStudioVersion = 10.0.40219.1
Project("{FAE04EC0-301F-11D3-BF4B-00C04F79EFBC}") = "rtoasaS3B.Android", "rtoasaS3B.Android\rtoasaS3B.Android.csproj", "{22195D38-A8D6-4047-BE32-380BC06CD3A6}"
EndProject
Project("{FAE04EC0-301F-11D3-BF4B-00C04F79EFBC}") = "rtoasaS3B.iOS", "rtoasaS3B.iOS\rtoasaS3B.iOS.csproj", "{C2FED742-CA4D-4D1C-B9E3-11C408AC7FEA}"
EndProject
Project("{FAE04EC0-301F-11D3-BF4B-00C04F79EFBC}") = "rtoasaS3B", "rtoasaS3B\rtoasaS3B.csproj", "{46515EF8-1569-4389-A8C1-0CA8ADDA138F}"
EndProject
Global
	GlobalSection(SolutionConfigurationPlatforms) = preSolution
		Debug|Any CPU = Debug|Any CPU
		Debug|iPhone = Debug|iPhone
		Debug|iPhoneSimulator = Debug|iPhoneSimulator
		Release|Any CPU = Release|Any CPU
		Release|iPhone = Release|iPhone
		Release|iPhoneSimulator = Release|iPhoneSimulator
	EndGlobalSection
	GlobalSection(ProjectConfigurationPlatforms) = postSolution
		{22195D38-A8D6-4047-BE32-380BC06CD3A6}.Debug|Any CPU.ActiveCfg = Debug|Any CPU
		{22195D38-A8D6-4047-BE32-380BC06CD3A6}.Debug|Any CPU.Build.0 = Debug|Any CPU
		{22195D38-A8D6-4047-BE32-380BC06CD3A6}.Debug|Any CPU.Deploy.0 = Debug|Any CPU
		{22195D38-A8D6-4047-BE32-380BC06CD3A6}.Debug|iPhone.ActiveCfg = Debug|Any CPU
		{22195D38-A8D6-4047-BE32-380BC06CD3A6}.Debug|iPhone.Build.0 = Debug|Any CPU
		{22195D38-A8D6-4047-BE32-380BC06CD3A6}.Debug|iPhone.Deploy.0 = Debug|Any CPU
		{22195D38-A8D6-4047-BE32-380BC06CD3A6}.Debug|iPhoneSimulator.ActiveCfg = Debug|Any CPU
		{22195D38-A8D6-4047-BE32-380BC06CD3A6}.Debug|iPhoneSimulator.Build.0 = Debug|Any CPU
		{22195D38-A8D6-4047-BE32-380BC06CD3A6}.Debug|iPhoneSimulator.Deploy.0 = Debug|Any CPU
		{22195D38-A8D6-4047-BE32-380BC06CD3A6}.Release|Any CPU.ActiveCfg = Release|Any CPU
		{22195D38-A8D6-4047-BE32-380BC06CD3A6}.Release|Any CPU.Build.0 = Release|Any CPU
		{22195D38-A8D6-4047-BE32-380BC06CD3A6}.Release|Any CPU.Deploy.0 = Release|Any CPU
		{22195D38-A8D6-4047-BE32-380BC06CD3A6}.Release|iPhone.ActiveCfg = Release|Any CPU
		{22195D38-A8D6-4047-BE32-380BC06CD3A6}.Release|iPhone.Build.0 = Release|Any CPU
		{22195D38-A8D6-4047-BE32-380BC06CD3A6}.Release|iPhone.Deploy.0 = Release|Any CPU
		{22195D38-A8D6-4047-BE32-380BC06CD3A6}.Release|iPhoneSimulator.ActiveCfg = Release|Any CPU
		{22195D38-A8D6-4047-BE32-380BC06CD3A6}.Release|iPhoneSimulator.Build.0 = Release|Any CPU
		{22195D38-A8D6-4047-BE32-380BC06CD3A6}.Release|iPhoneSimulator.Deploy.0 = Release|Any CPU
		{C2FED742-CA4D-4D1C-B9E3-11C408AC7FEA}.Debug|Any CPU.ActiveCfg = Debug|iPhone
		{C2FED742-CA4D-4D1C-B9E3-11C408AC7FEA}.Debug|Any CPU.Build.0 = Debug|iPhone
		{C2FED742-CA4D-4D1C-B9E3-11C408AC7FEA}.Debug|Any CPU.Deploy.0 = Debug|iPhone
		{C2FED742-CA4D-4D1C-B9E3-11C408AC7FEA}.Debug|iPhone.ActiveCfg = Debug|iPhone
		{C2FED742-CA4D-4D1C-B9E3-11C408AC7FEA}.Debug|iPhone.Build.0 = Debug|iPhone
		{C2FED742-CA4D-4D1C-B9E3-11C408AC7FEA}.Debug|iPhone.Deploy.0 = Debug|iPhone
		{C2FED742-CA4D-4D1C-B9E3-11C408AC7FEA}.Debug|iPhoneSimulator.ActiveCfg = Debug|iPhoneSimulator
		{C2FED742-CA4D-4D1C-B9E3-11C408AC7FEA}.Debug|iPhoneSimulator.Build.0 = Debug|iPhoneSimulator
		{C2FED742-CA4D-4D1C-B9E3-11C408AC7FEA}.Debug|iPhoneSimulator.Deploy.0 = Debug|iPhoneSimulator
		{C2FED742-CA4D-4D1C-B9E3-11C408AC7FEA}.Release|Any CPU.ActiveCfg = Release|iPhoneSimulator
		{C2FED742-CA4D-4D1C-B9E3-11C408AC7FEA}.Release|Any CPU.Build.0 = Release|iPhoneSimulator
		{C2FED742-CA4D-4D1C-B9E3-11C408AC7FEA}.Release|Any CPU.Deploy.0 = Release|iPhoneSimulator
		{C2FED742-CA4D-4D1C-B9E3-11C408AC7FEA}.Release|iPhone.ActiveCfg = Release|iPhone
		{C2FED742-CA4D-4D1C-B9E3-11C408AC7FEA}.Release|iPhone.Build.0 = Release|iPhone
		{C2FED742-CA4D-4D1C-B9E3-11C408AC7FEA}.Release|iPhone.Deploy.0 = Release|iPhone
		{C2FED742-CA4D-4D1C-B9E3-11C408AC7FEA}.Release|iPhoneSimulator.ActiveCfg = Release|iPhoneSimulator
		{C2FED742-CA4D-4D1C-B9E3-11C408AC7FEA}.Release|iPhoneSimulator.Build.0 = Release|iPhoneSimulator
		{C2FED742-CA4D-4D1C-B9E3-11C408AC7FEA}.Release|iPhoneSimulator.Deploy.0 = Release|iPhoneSimulator
		{46515EF8-1569-4389-A8C1-0CA8ADDA138F}.Debug|Any CPU.ActiveCfg = Debug|Any CPU
		{46515EF8-1569-4389-A8C1-0CA8ADDA138F}.Debug|Any CPU.Build.0 = Debug|Any CPU
		{46515EF8-1569-4389-A8C1-0CA8ADDA138F}.Debug|Any CPU.Deploy.0 = Debug|Any CPU
		{46515EF8-1569-4389-A8C1-0CA8ADDA138F}.Debug|iPhone.ActiveCfg = Debug|Any CPU
		{46515EF8-1569-4389-A8C1-0CA8ADDA138F}.Debug|iPhone.Build.0 = Debug|Any CPU
		{46515EF8-1569-4389-A8C1-0CA8ADDA138F}.Debug|iPhone.Deploy.0 = Debug|Any CPU
		{46515EF8-1569-4389-A8C1-0CA8ADDA138F}.Debug|iPhoneSimulator.ActiveCfg = Debug|Any CPU
		{46515EF8-1569-4389-A8C1-0CA8ADDA138F}.Debug|iPhoneSimulator.Build.0 = Debug|Any CPU
		{46515EF8-1569-4389-A8C1-0CA8ADDA138F}.Debug|iPhoneSimulator.Deploy.0 = Debug|Any CPU
		{46515EF8-1569-4389-A8C1-0CA8ADDA138F}.Release|Any CPU.ActiveCfg = Release|Any CPU
		{46515EF8-1569-4389-A8C1-0CA8ADDA138F}.Release|Any CPU.Build.0 = Release|Any CPU
		{46515EF8-1569-4389-A8C1-0CA8ADDA138F}.Release|Any CPU.Deploy.0 = Release|Any CPU
		{46515EF8-1569-4389-A8C1-0CA8ADDA138F}.Release|iPhone.ActiveCfg = Release|Any CPU
		{46515EF8-1569-4389-A8C1-0CA8ADDA138F}.Release|iPhone.Build.0 = Release|Any CPU
		{46515EF8-1569-4389-A8C1-0CA8ADDA138F}.Release|iPhone.Deploy.0 = Release|Any CPU
		{46515EF8-1569-4389-A8C1-0CA8ADDA138F}.Release|iPhoneSimulator.ActiveCfg = Release|Any CPU
		{46515EF8-1569-4389-A8C1-0CA8ADDA138F}.Release|iPhoneSimulator.Build.0 = Release|Any CPU
		{46515EF8-1569-4389-A8C1-0CA8ADDA138F}.Release|iPhoneSimulator.Deploy.0 = Release|Any CPU
	EndGlobalSection
	GlobalSection(SolutionProperties) = preSolution
		HideSolutionNode = FALSE
	EndGlobalSection
	GlobalSection(ExtensibilityGlobals) = postSolution
		SolutionGuid = {DD7811EA-C7BC-416E-8B8D-61A2693EED9C}
	EndGlobalSection
EndGlobal
